%{
  "esbuild": {:hex, :esbuild, "0.9.0", "f043eeaca4932ca8e16e5429aebd90f7766f31ac160a25cbd9befe84f2bc068f", [:mix], [{:jason, "~> 1.4", [hex: :jason, repo: "hexpm", optional: false]}], "hexpm", "b415027f71d5ab57ef2be844b2a10d0c1b5a492d431727f43937adce22ba45ae"},
  "gleam_erlang": {:hex, :gleam_erlang, "0.34.0", "57969ce2d0c378ffac2f9eef44da74948272c4258124b885546fd4f8b7924c4b", [:gleam], [{:gleam_stdlib, ">= 0.53.0 and < 2.0.0", [hex: :gleam_stdlib, repo: "hexpm", optional: false]}], "hexpm", "0c38f2a128baa0cef17c3000bd2097eb80634e239ce31a86400c4416a5d0fdcc"},
  "gleam_json": {:hex, :gleam_json, "2.3.0", "f514a52d69d3033708052d27bd063f725fb552979b6c83279bda4ce52865d460", [:gleam], [{:gleam_stdlib, ">= 0.51.0 and < 2.0.0", [hex: :gleam_stdlib, repo: "hexpm", optional: false]}], "hexpm", "c55c5c2b318533a8072d221c5e06e5a75711c129e420dd1ce463342106012e5d"},
  "gleam_otp": {:hex, :gleam_otp, "0.16.1", "894f6c1d3b56b529ffb89550dc9b0516a09ab99dcdc68e3573b163cffe5bdf55", [:gleam], [{:gleam_erlang, ">= 0.22.0 and < 1.0.0", [hex: :gleam_erlang, repo: "hexpm", optional: false]}, {:gleam_stdlib, ">= 0.32.0 and < 1.0.0", [hex: :gleam_stdlib, repo: "hexpm", optional: false]}], "hexpm", "50da1539fc8e8fa09924eb36a67a2bbb0ad6b27bcded5a7ef627057cf69d035e"},
  "gleam_stdlib": {:hex, :gleam_stdlib, "0.54.0", "0b5d730b1f56c4300ee5036b299b990a6d65b0da616045b14327c6e0f82a516c", [:gleam], [], "hexpm", "723ba61a2bae8d67406e59dd88cea1b3c3f266fc8d70f64be9fec81b4505b927"},
  "gleeunit": {:hex, :gleeunit, "1.3.0", "3b5313d12055a2653f866d21aa7dad779358b3f7f693d70ff0e782ed8c7e1d9e", [:gleam], [{:gleam_stdlib, ">= 0.33.0 and < 2.0.0", [hex: :gleam_stdlib, repo: "hexpm", optional: false]}], "hexpm", "0e6c83834ba65edcaaf4fe4fb94ac697d9262d83e6f58a750d63c9f6c8a9d9ff"},
  "jason": {:hex, :jason, "1.4.4", "b9226785a9aa77b6857ca22832cffa5d5011a667207eb2a0ad56adb5db443b8a", [:mix], [{:decimal, "~> 1.0 or ~> 2.0", [hex: :decimal, repo: "hexpm", optional: true]}], "hexpm", "c5eb0cab91f094599f94d55bc63409236a8ec69a21a67814529e8d5f6cc90b3b"},
  "lustre": {:hex, :lustre, "4.6.3", "a4ba4a77d9961deddec41f981098345c44fabb5dde640df5b506b45d21a26f22", [:gleam], [{:gleam_erlang, "~> 0.24", [hex: :gleam_erlang, repo: "hexpm", optional: false]}, {:gleam_json, ">= 1.0.0 and < 3.0.0", [hex: :gleam_json, repo: "hexpm", optional: false]}, {:gleam_otp, "~> 0.9", [hex: :gleam_otp, repo: "hexpm", optional: false]}, {:gleam_stdlib, ">= 0.43.0 and < 2.0.0", [hex: :gleam_stdlib, repo: "hexpm", optional: false]}], "hexpm", "bdf833368f6c8f152f948d5b6a79866e9881cb80cb66c0685b3327e7dcbfb12f"},
}
